// !$*UTF8*$!
{
	archiveVersion = 1;
	classes = {
	};
	objectVersion = 56;
	objects = {

/* Begin PBXBuildFile section */
		A365863A2A7E00DF00424789 /* AppDelegate.swift in Sources */ = {isa = PBXBuildFile; fileRef = A36586392A7E00DF00424789 /* AppDelegate.swift */; };
		A365863C2A7E00DF00424789 /* SceneDelegate.swift in Sources */ = {isa = PBXBuildFile; fileRef = A365863B2A7E00DF00424789 /* SceneDelegate.swift */; };
		A36586412A7E00DF00424789 /* Main.storyboard in Resources */ = {isa = PBXBuildFile; fileRef = A365863F2A7E00DF00424789 /* Main.storyboard */; };
		A36586432A7E00E000424789 /* Assets.xcassets in Resources */ = {isa = PBXBuildFile; fileRef = A36586422A7E00E000424789 /* Assets.xcassets */; };
		A36586462A7E00E000424789 /* LaunchScreen.storyboard in Resources */ = {isa = PBXBuildFile; fileRef = A36586442A7E00E000424789 /* LaunchScreen.storyboard */; };
		A36586512A7E00E000424789 /* TableTests.swift in Sources */ = {isa = PBXBuildFile; fileRef = A36586502A7E00E000424789 /* TableTests.swift */; };
		A365865B2A7E00E000424789 /* TableUITests.swift in Sources */ = {isa = PBXBuildFile; fileRef = A365865A2A7E00E000424789 /* TableUITests.swift */; };
		A365865D2A7E00E000424789 /* TableUITestsLaunchTests.swift in Sources */ = {isa = PBXBuildFile; fileRef = A365865C2A7E00E000424789 /* TableUITestsLaunchTests.swift */; };
		A365866A2A7E078200424789 /* TableTableViewController.swift in Sources */ = {isa = PBXBuildFile; fileRef = A36586692A7E078200424789 /* TableTableViewController.swift */; };
		A365866C2A7E07C100424789 /* AddViewController.swift in Sources */ = {isa = PBXBuildFile; fileRef = A365866B2A7E07C100424789 /* AddViewController.swift */; };
		A365866E2A7E07D900424789 /* DetailViewController.swift in Sources */ = {isa = PBXBuildFile; fileRef = A365866D2A7E07D900424789 /* DetailViewController.swift */; };
/* End PBXBuildFile section */

/* Begin PBXContainerItemProxy section */
		A365864D2A7E00E000424789 /* PBXContainerItemProxy */ = {
			isa = PBXContainerItemProxy;
			containerPortal = A365862E2A7E00DF00424789 /* Project object */;
			proxyType = 1;
			remoteGlobalIDString = A36586352A7E00DF00424789;
			remoteInfo = Table;
		};
		A36586572A7E00E000424789 /* PBXContainerItemProxy */ = {
			isa = PBXContainerItemProxy;
			containerPortal = A365862E2A7E00DF00424789 /* Project object */;
			proxyType = 1;
			remoteGlobalIDString = A36586352A7E00DF00424789;
			remoteInfo = Table;
		};
/* End PBXContainerItemProxy section */

/* Begin PBXFileReference section */
		A36586362A7E00DF00424789 /* Table.app */ = {isa = PBXFileReference; explicitFileType = wrapper.application; includeInIndex = 0; path = Table.app; sourceTree = BUILT_PRODUCTS_DIR; };
		A36586392A7E00DF00424789 /* AppDelegate.swift */ = {isa = PBXFileReference; lastKnownFileType = sourcecode.swift; path = AppDelegate.swift; sourceTree = "<group>"; };
		A365863B2A7E00DF00424789 /* SceneDelegate.swift */ = {isa = PBXFileReference; lastKnownFileType = sourcecode.swift; path = SceneDelegate.swift; sourceTree = "<group>"; };
		A36586402A7E00DF00424789 /* Base */ = {isa = PBXFileReference; lastKnownFileType = file.storyboard; name = Base; path = Base.lproj/Main.storyboard; sourceTree = "<group>"; };
		A36586422A7E00E000424789 /* Assets.xcassets */ = {isa = PBXFileReference; lastKnownFileType = folder.assetcatalog; path = Assets.xcassets; sourceTree = "<group>"; };
		A36586452A7E00E000424789 /* Base */ = {isa = PBXFileReference; lastKnownFileType = file.storyboard; name = Base; path = Base.lproj/LaunchScreen.storyboard; sourceTree = "<group>"; };
		A36586472A7E00E000424789 /* Info.plist */ = {isa = PBXFileReference; lastKnownFileType = text.plist.xml; path = Info.plist; sourceTree = "<group>"; };
		A365864C2A7E00E000424789 /* TableTests.xctest */ = {isa = PBXFileReference; explicitFileType = wrapper.cfbundle; includeInIndex = 0; path = TableTests.xctest; sourceTree = BUILT_PRODUCTS_DIR; };
		A36586502A7E00E000424789 /* TableTests.swift */ = {isa = PBXFileReference; lastKnownFileType = sourcecode.swift; path = TableTests.swift; sourceTree = "<group>"; };
		A36586562A7E00E000424789 /* TableUITests.xctest */ = {isa = PBXFileReference; explicitFileType = wrapper.cfbundle; includeInIndex = 0; path = TableUITests.xctest; sourceTree = BUILT_PRODUCTS_DIR; };
		A365865A2A7E00E000424789 /* TableUITests.swift */ = {isa = PBXFileReference; lastKnownFileType = sourcecode.swift; path = TableUITests.swift; sourceTree = "<group>"; };
		A365865C2A7E00E000424789 /* TableUITestsLaunchTests.swift */ = {isa = PBXFileReference; lastKnownFileType = sourcecode.swift; path = TableUITestsLaunchTests.swift; sourceTree = "<group>"; };
		A36586692A7E078200424789 /* TableTableViewController.swift */ = {isa = PBXFileReference; lastKnownFileType = sourcecode.swift; path = TableTableViewController.swift; sourceTree = "<group>"; };
		A365866B2A7E07C100424789 /* AddViewController.swift */ = {isa = PBXFileReference; lastKnownFileType = sourcecode.swift; path = AddViewController.swift; sourceTree = "<group>"; };
		A365866D2A7E07D900424789 /* DetailViewController.swift */ = {isa = PBXFileReference; lastKnownFileType = sourcecode.swift; path = DetailViewController.swift; sourceTree = "<group>"; };
/* End PBXFileReference section */

/* Begin PBXFrameworksBuildPhase section */
		A36586332A7E00DF00424789 /* Frameworks */ = {
			isa = PBXFrameworksBuildPhase;
			buildActionMask = 2147483647;
			files = (
			);
			runOnlyForDeploymentPostprocessing = 0;
		};
		A36586492A7E00E000424789 /* Frameworks */ = {
			isa = PBXFrameworksBuildPhase;
			buildActionMask = 2147483647;
			files = (
			);
			runOnlyForDeploymentPostprocessing = 0;
		};
		A36586532A7E00E000424789 /* Frameworks */ = {
			isa = PBXFrameworksBuildPhase;
			buildActionMask = 2147483647;
			files = (
			);
			runOnlyForDeploymentPostprocessing = 0;
		};
/* End PBXFrameworksBuildPhase section */

/* Begin PBXGroup section */
		A365862D2A7E00DF00424789 = {
			isa = PBXGroup;
			children = (
				A36586382A7E00DF00424789 /* Table */,
				A365864F2A7E00E000424789 /* TableTests */,
				A36586592A7E00E000424789 /* TableUITests */,
				A36586372A7E00DF00424789 /* Products */,
			);
			sourceTree = "<group>";
		};
		A36586372A7E00DF00424789 /* Products */ = {
			isa = PBXGroup;
			children = (
				A36586362A7E00DF00424789 /* Table.app */,
				A365864C2A7E00E000424789 /* TableTests.xctest */,
				A36586562A7E00E000424789 /* TableUITests.xctest */,
			);
			name = Products;
			sourceTree = "<group>";
		};
		A36586382A7E00DF00424789 /* Table */ = {
			isa = PBXGroup;
			children = (
				A36586392A7E00DF00424789 /* AppDelegate.swift */,
				A365863B2A7E00DF00424789 /* SceneDelegate.swift */,
				A365863F2A7E00DF00424789 /* Main.storyboard */,
				A36586422A7E00E000424789 /* Assets.xcassets */,
				A36586442A7E00E000424789 /* LaunchScreen.storyboard */,
				A36586472A7E00E000424789 /* Info.plist */,
				A36586692A7E078200424789 /* TableTableViewController.swift */,
				A365866B2A7E07C100424789 /* AddViewController.swift */,
				A365866D2A7E07D900424789 /* DetailViewController.swift */,
			);
			path = Table;
			sourceTree = "<group>";
		};
		A365864F2A7E00E000424789 /* TableTests */ = {
			isa = PBXGroup;
			children = (
				A36586502A7E00E000424789 /* TableTests.swift */,
			);
			path = TableTests;
			sourceTree = "<group>";
		};
		A36586592A7E00E000424789 /* TableUITests */ = {
			isa = PBXGroup;
			children = (
				A365865A2A7E00E000424789 /* TableUITests.swift */,
				A365865C2A7E00E000424789 /* TableUITestsLaunchTests.swift */,
			);
			path = TableUITests;
			sourceTree = "<group>";
		};
/* End PBXGroup section */

/* Begin PBXNativeTarget section */
		A36586352A7E00DF00424789 /* Table */ = {
			isa = PBXNativeTarget;
			buildConfigurationList = A36586602A7E00E000424789 /* Build configuration list for PBXNativeTarget "Table" */;
			buildPhases = (
				A36586322A7E00DF00424789 /* Sources */,
				A36586332A7E00DF00424789 /* Frameworks */,
				A36586342A7E00DF00424789 /* Resources */,
			);
			buildRules = (
			);
			dependencies = (
			);
			name = Table;
			productName = Table;
			productReference = A36586362A7E00DF00424789 /* Table.app */;
			productType = "com.apple.product-type.application";
		};
		A365864B2A7E00E000424789 /* TableTests */ = {
			isa = PBXNativeTarget;
			buildConfigurationList = A36586632A7E00E000424789 /* Build configuration list for PBXNativeTarget "TableTests" */;
			buildPhases = (
				A36586482A7E00E000424789 /* Sources */,
				A36586492A7E00E000424789 /* Frameworks */,
				A365864A2A7E00E000424789 /* Resources */,
			);
			buildRules = (
			);
			dependencies = (
				A365864E2A7E00E000424789 /* PBXTargetDependency */,
			);
			name = TableTests;
			productName = TableTests;
			productReference = A365864C2A7E00E000424789 /* TableTests.xctest */;
			productType = "com.apple.product-type.bundle.unit-test";
		};
		A36586552A7E00E000424789 /* TableUITests */ = {
			isa = PBXNativeTarget;
			buildConfigurationList = A36586662A7E00E000424789 /* Build configuration list for PBXNativeTarget "TableUITests" */;
			buildPhases = (
				A36586522A7E00E000424789 /* Sources */,
				A36586532A7E00E000424789 /* Frameworks */,
				A36586542A7E00E000424789 /* Resources */,
			);
			buildRules = (
			);
			dependencies = (
				A36586582A7E00E000424789 /* PBXTargetDependency */,
			);
			name = TableUITests;
			productName = TableUITests;
			productReference = A36586562A7E00E000424789 /* TableUITests.xctest */;
			productType = "com.apple.product-type.bundle.ui-testing";
		};
/* End PBXNativeTarget section */

/* Begin PBXProject section */
		A365862E2A7E00DF00424789 /* Project object */ = {
			isa = PBXProject;
			attributes = {
				BuildIndependentTargetsInParallel = 1;
				LastSwiftUpdateCheck = 1420;
				LastUpgradeCheck = 1420;
				TargetAttributes = {
					A36586352A7E00DF00424789 = {
						CreatedOnToolsVersion = 14.2;
					};
					A365864B2A7E00E000424789 = {
						CreatedOnToolsVersion = 14.2;
						TestTargetID = A36586352A7E00DF00424789;
					};
					A36586552A7E00E000424789 = {
						CreatedOnToolsVersion = 14.2;
						TestTargetID = A36586352A7E00DF00424789;
					};
				};
			};
			buildConfigurationList = A36586312A7E00DF00424789 /* Build configuration list for PBXProject "Table" */;
			compatibilityVersion = "Xcode 14.0";
			developmentRegion = en;
			hasScannedForEncodings = 0;
			knownRegions = (
				en,
				Base,
			);
			mainGroup = A365862D2A7E00DF00424789;
			productRefGroup = A36586372A7E00DF00424789 /* Products */;
			projectDirPath = "";
			projectRoot = "";
			targets = (
				A36586352A7E00DF00424789 /* Table */,
				A365864B2A7E00E000424789 /* TableTests */,
				A36586552A7E00E000424789 /* TableUITests */,
			);
		};
/* End PBXProject section */

/* Begin PBXResourcesBuildPhase section */
		A36586342A7E00DF00424789 /* Resources */ = {
			isa = PBXResourcesBuildPhase;
			buildActionMask = 2147483647;
			files = (
				A36586462A7E00E000424789 /* LaunchScreen.storyboard in Resources */,
				A36586432A7E00E000424789 /* Assets.xcassets in Resources */,
				A36586412A7E00DF00424789 /* Main.storyboard in Resources */,
			);
			runOnlyForDeploymentPostprocessing = 0;
		};
		A365864A2A7E00E000424789 /* Resources */ = {
			isa = PBXResourcesBuildPhase;
			buildActionMask = 2147483647;
			files = (
			);
			runOnlyForDeploymentPostprocessing = 0;
		};
		A36586542A7E00E000424789 /* Resources */ = {
			isa = PBXResourcesBuildPhase;
			buildActionMask = 2147483647;
			files = (
			);
			runOnlyForDeploymentPostprocessing = 0;
		};
/* End PBXResourcesBuildPhase section */

/* Begin PBXSourcesBuildPhase section */
		A36586322A7E00DF00424789 /* Sources */ = {
			isa = PBXSourcesBuildPhase;
			buildActionMask = 2147483647;
			files = (
				A365863A2A7E00DF00424789 /* AppDelegate.swift in Sources */,
				A365866A2A7E078200424789 /* TableTableViewController.swift in Sources */,
				A365866E2A7E07D900424789 /* DetailViewController.swift in Sources */,
				A365866C2A7E07C100424789 /* AddViewController.swift in Sources */,
				A365863C2A7E00DF00424789 /* SceneDelegate.swift in Sources */,
			);
			runOnlyForDeploymentPostprocessing = 0;
		};
		A36586482A7E00E000424789 /* Sources */ = {
			isa = PBXSourcesBuildPhase;
			buildActionMask = 2147483647;
			files = (
				A36586512A7E00E000424789 /* TableTests.swift in Sources */,
			);
			runOnlyForDeploymentPostprocessing = 0;
		};
		A36586522A7E00E000424789 /* Sources */ = {
			isa = PBXSourcesBuildPhase;
			buildActionMask = 2147483647;
			files = (
				A365865B2A7E00E000424789 /* TableUITests.swift in Sources */,
				A365865D2A7E00E000424789 /* TableUITestsLaunchTests.swift in Sources */,
			);
			runOnlyForDeploymentPostprocessing = 0;
		};
/* End PBXSourcesBuildPhase section */

/* Begin PBXTargetDependency section */
		A365864E2A7E00E000424789 /* PBXTargetDependency */ = {
			isa = PBXTargetDependency;
			target = A36586352A7E00DF00424789 /* Table */;
			targetProxy = A365864D2A7E00E000424789 /* PBXContainerItemProxy */;
		};
		A36586582A7E00E000424789 /* PBXTargetDependency */ = {
			isa = PBXTargetDependency;
			target = A36586352A7E00DF00424789 /* Table */;
			targetProxy = A36586572A7E00E000424789 /* PBXContainerItemProxy */;
		};
/* End PBXTargetDependency section */

/* Begin PBXVariantGroup section */
		A365863F2A7E00DF00424789 /* Main.storyboard */ = {
			isa = PBXVariantGroup;
			children = (
				A36586402A7E00DF00424789 /* Base */,
			);
			name = Main.storyboard;
			sourceTree = "<group>";
		};
		A36586442A7E00E000424789 /* LaunchScreen.storyboard */ = {
			isa = PBXVariantGroup;
			children = (
				A36586452A7E00E000424789 /* Base */,
			);
			name = LaunchScreen.storyboard;
			sourceTree = "<group>";
		};
/* End PBXVariantGroup section */

/* Begin XCBuildConfiguration section */
		A365865E2A7E00E000424789 /* Debug */ = {
			isa = XCBuildConfiguration;
			buildSettings = {
				ALWAYS_SEARCH_USER_PATHS = NO;
				CLANG_ANALYZER_NONNULL = YES;
				CLANG_ANALYZER_NUMBER_OBJECT_CONVERSION = YES_AGGRESSIVE;
				CLANG_CXX_LANGUAGE_STANDARD = "gnu++20";
				CLANG_ENABLE_MODULES = YES;
				CLANG_ENABLE_OBJC_ARC = YES;
				CLANG_ENABLE_OBJC_WEAK = YES;
				CLANG_WARN_BLOCK_CAPTURE_AUTORELEASING = YES;
				CLANG_WARN_BOOL_CONVERSION = YES;
				CLANG_WARN_COMMA = YES;
				CLANG_WARN_CONSTANT_CONVERSION = YES;
				CLANG_WARN_DEPRECATED_OBJC_IMPLEMENTATIONS = YES;
				CLANG_WARN_DIRECT_OBJC_ISA_USAGE = YES_ERROR;
				CLANG_WARN_DOCUMENTATION_COMMENTS = YES;
				CLANG_WARN_EMPTY_BODY = YES;
				CLANG_WARN_ENUM_CONVERSION = YES;
				CLANG_WARN_INFINITE_RECURSION = YES;
				CLANG_WARN_INT_CONVERSION = YES;
				CLANG_WARN_NON_LITERAL_NULL_CONVERSION = YES;
				CLANG_WARN_OBJC_IMPLICIT_RETAIN_SELF = YES;
				CLANG_WARN_OBJC_LITERAL_CONVERSION = YES;
				CLANG_WARN_OBJC_ROOT_CLASS = YES_ERROR;
				CLANG_WARN_QUOTED_INCLUDE_IN_FRAMEWORK_HEADER = YES;
				CLANG_WARN_RANGE_LOOP_ANALYSIS = YES;
				CLANG_WARN_STRICT_PROTOTYPES = YES;
				CLANG_WARN_SUSPICIOUS_MOVE = YES;
				CLANG_WARN_UNGUARDED_AVAILABILITY = YES_AGGRESSIVE;
				CLANG_WARN_UNREACHABLE_CODE = YES;
				CLANG_WARN__DUPLICATE_METHOD_MATCH = YES;
				COPY_PHASE_STRIP = NO;
				DEBUG_INFORMATION_FORMAT = dwarf;
				ENABLE_STRICT_OBJC_MSGSEND = YES;
				ENABLE_TESTABILITY = YES;
				GCC_C_LANGUAGE_STANDARD = gnu11;
				GCC_DYNAMIC_NO_PIC = NO;
				GCC_NO_COMMON_BLOCKS = YES;
				GCC_OPTIMIZATION_LEVEL = 0;
				GCC_PREPROCESSOR_DEFINITIONS = (
					"DEBUG=1",
					"$(inherited)",
				);
				GCC_WARN_64_TO_32_BIT_CONVERSION = YES;
				GCC_WARN_ABOUT_RETURN_TYPE = YES_ERROR;
				GCC_WARN_UNDECLARED_SELECTOR = YES;
				GCC_WARN_UNINITIALIZED_AUTOS = YES_AGGRESSIVE;
				GCC_WARN_UNUSED_FUNCTION = YES;
				GCC_WARN_UNUSED_VARIABLE = YES;
				IPHONEOS_DEPLOYMENT_TARGET = 16.2;
				MTL_ENABLE_DEBUG_INFO = INCLUDE_SOURCE;
				MTL_FAST_MATH = YES;
				ONLY_ACTIVE_ARCH = YES;
				SDKROOT = iphoneos;
				SWIFT_ACTIVE_COMPILATION_CONDITIONS = DEBUG;
				SWIFT_OPTIMIZATION_LEVEL = "-Onone";
			};
			name = Debug;
		};
		A365865F2A7E00E000424789 /* Release */ = {
			isa = XCBuildConfiguration;
			buildSettings = {
				ALWAYS_SEARCH_USER_PATHS = NO;
				CLANG_ANALYZER_NONNULL = YES;
				CLANG_ANALYZER_NUMBER_OBJECT_CONVERSION = YES_AGGRESSIVE;
				CLANG_CXX_LANGUAGE_STANDARD = "gnu++20";
				CLANG_ENABLE_MODULES = YES;
				CLANG_ENABLE_OBJC_ARC = YES;
				CLANG_ENABLE_OBJC_WEAK = YES;
				CLANG_WARN_BLOCK_CAPTURE_AUTORELEASING = YES;
				CLANG_WARN_BOOL_CONVERSION = YES;
				CLANG_WARN_COMMA = YES;
				CLANG_WARN_CONSTANT_CONVERSION = YES;
				CLANG_WARN_DEPRECATED_OBJC_IMPLEMENTATIONS = YES;
				CLANG_WARN_DIRECT_OBJC_ISA_USAGE = YES_ERROR;
				CLANG_WARN_DOCUMENTATION_COMMENTS = YES;
				CLANG_WARN_EMPTY_BODY = YES;
				CLANG_WARN_ENUM_CONVERSION = YES;
				CLANG_WARN_INFINITE_RECURSION = YES;
				CLANG_WARN_INT_CONVERSION = YES;
				CLANG_WARN_NON_LITERAL_NULL_CONVERSION = YES;
				CLANG_WARN_OBJC_IMPLICIT_RETAIN_SELF = YES;
				CLANG_WARN_OBJC_LITERAL_CONVERSION = YES;
				CLANG_WARN_OBJC_ROOT_CLASS = YES_ERROR;
				CLANG_WARN_QUOTED_INCLUDE_IN_FRAMEWORK_HEADER = YES;
				CLANG_WARN_RANGE_LOOP_ANALYSIS = YES;
				CLANG_WARN_STRICT_PROTOTYPES = YES;
				CLANG_WARN_SUSPICIOUS_MOVE = YES;
				CLANG_WARN_UNGUARDED_AVAILABILITY = YES_AGGRESSIVE;
				CLANG_WARN_UNREACHABLE_CODE = YES;
				CLANG_WARN__DUPLICATE_METHOD_MATCH = YES;
				COPY_PHASE_STRIP = NO;
				DEBUG_INFORMATION_FORMAT = "dwarf-with-dsym";
				ENABLE_NS_ASSERTIONS = NO;
				ENABLE_STRICT_OBJC_MSGSEND = YES;
				GCC_C_LANGUAGE_STANDARD = gnu11;
				GCC_NO_COMMON_BLOCKS = YES;
				GCC_WARN_64_TO_32_BIT_CONVERSION = YES;
				GCC_WARN_ABOUT_RETURN_TYPE = YES_ERROR;
				GCC_WARN_UNDECLARED_SELECTOR = YES;
				GCC_WARN_UNINITIALIZED_AUTOS = YES_AGGRESSIVE;
				GCC_WARN_UNUSED_FUNCTION = YES;
				GCC_WARN_UNUSED_VARIABLE = YES;
				IPHONEOS_DEPLOYMENT_TARGET = 16.2;
				MTL_ENABLE_DEBUG_INFO = NO;
				MTL_FAST_MATH = YES;
				SDKROOT = iphoneos;
				SWIFT_COMPILATION_MODE = wholemodule;
				SWIFT_OPTIMIZATION_LEVEL = "-O";
				VALIDATE_PRODUCT = YES;
			};
			name = Release;
		};
		A36586612A7E00E000424789 /* Debug */ = {
			isa = XCBuildConfiguration;
			buildSettings = {
				ASSETCATALOG_COMPILER_APPICON_NAME = AppIcon;
				ASSETCATALOG_COMPILER_GLOBAL_ACCENT_COLOR_NAME = AccentColor;
				CODE_SIGN_STYLE = Automatic;
				CURRENT_PROJECT_VERSION = 1;
				GENERATE_INFOPLIST_FILE = YES;
				INFOPLIST_FILE = Table/Info.plist;
				INFOPLIST_KEY_UIApplicationSupportsIndirectInputEvents = YES;
				INFOPLIST_KEY_UILaunchStoryboardName = LaunchScreen;
				INFOPLIST_KEY_UIMainStoryboardFile = Main;
				INFOPLIST_KEY_UISupportedInterfaceOrientations_iPad = "UIInterfaceOrientationPortrait UIInterfaceOrientationPortraitUpsideDown UIInterfaceOrientationLandscapeLeft UIInterfaceOrientationLandscapeRight";
				INFOPLIST_KEY_UISupportedInterfaceOrientations_iPhone = "UIInterfaceOrientationPortrait UIInterfaceOrientationLandscapeLeft UIInterfaceOrientationLandscapeRight";
				LD_RUNPATH_SEARCH_PATHS = (
					"$(inherited)",
					"@executable_path/Frameworks",
				);
				MARKETING_VERSION = 1.0;
				PRODUCT_BUNDLE_IDENTIFIER = com.iosswift.Table;
				PRODUCT_NAME = "$(TARGET_NAME)";
				SWIFT_EMIT_LOC_STRINGS = YES;
				SWIFT_VERSION = 5.0;
				TARGETED_DEVICE_FAMILY = "1,2";
			};
			name = Debug;
		};
		A36586622A7E00E000424789 /* Release */ = {
			isa = XCBuildConfiguration;
			buildSettings = {
				ASSETCATALOG_COMPILER_APPICON_NAME = AppIcon;
				ASSETCATALOG_COMPILER_GLOBAL_ACCENT_COLOR_NAME = AccentColor;
				CODE_SIGN_STYLE = Automatic;
				CURRENT_PROJECT_VERSION = 1;
				GENERATE_INFOPLIST_FILE = YES;
				INFOPLIST_FILE = Table/Info.plist;
				INFOPLIST_KEY_UIApplicationSupportsIndirectInputEvents = YES;
				INFOPLIST_KEY_UILaunchStoryboardName = LaunchScreen;
				INFOPLIST_KEY_UIMainStoryboardFile = Main;
				INFOPLIST_KEY_UISupportedInterfaceOrientations_iPad = "UIInterfaceOrientationPortrait UIInterfaceOrientationPortraitUpsideDown UIInterfaceOrientationLandscapeLeft UIInterfaceOrientationLandscapeRight";
				INFOPLIST_KEY_UISupportedInterfaceOrientations_iPhone = "UIInterfaceOrientationPortrait UIInterfaceOrientationLandscapeLeft UIInterfaceOrientationLandscapeRight";
				LD_RUNPATH_SEARCH_PATHS = (
					"$(inherited)",
					"@executable_path/Frameworks",
				);
				MARKETING_VERSION = 1.0;
				PRODUCT_BUNDLE_IDENTIFIER = com.iosswift.Table;
				PRODUCT_NAME = "$(TARGET_NAME)";
				SWIFT_EMIT_LOC_STRINGS = YES;
				SWIFT_VERSION = 5.0;
				TARGETED_DEVICE_FAMILY = "1,2";
			};
			name = Release;
		};
		A36586642A7E00E000424789 /* Debug */ = {
			isa = XCBuildConfiguration;
			buildSettings = {
				ALWAYS_EMBED_SWIFT_STANDARD_LIBRARIES = YES;
				BUNDLE_LOADER = "$(TEST_HOST)";
				CODE_SIGN_STYLE = Automatic;
				CURRENT_PROJECT_VERSION = 1;
				GENERATE_INFOPLIST_FILE = YES;
				IPHONEOS_DEPLOYMENT_TARGET = 16.2;
				MARKETING_VERSION = 1.0;
				PRODUCT_BUNDLE_IDENTIFIER = com.iosswift.TableTests;
				PRODUCT_NAME = "$(TARGET_NAME)";
				SWIFT_EMIT_LOC_STRINGS = NO;
				SWIFT_VERSION = 5.0;
				TARGETED_DEVICE_FAMILY = "1,2";
				TEST_HOST = "$(BUILT_PRODUCTS_DIR)/Table.app/$(BUNDLE_EXECUTABLE_FOLDER_PATH)/Table";
			};
			name = Debug;
		};
		A36586652A7E00E000424789 /* Release */ = {
			isa = XCBuildConfiguration;
			buildSettings = {
				ALWAYS_EMBED_SWIFT_STANDARD_LIBRARIES = YES;
				BUNDLE_LOADER = "$(TEST_HOST)";
				CODE_SIGN_STYLE = Automatic;
				CURRENT_PROJECT_VERSION = 1;
				GENERATE_INFOPLIST_FILE = YES;
				IPHONEOS_DEPLOYMENT_TARGET = 16.2;
				MARKETING_VERSION = 1.0;
				PRODUCT_BUNDLE_IDENTIFIER = com.iosswift.TableTests;
				PRODUCT_NAME = "$(TARGET_NAME)";
				SWIFT_EMIT_LOC_STRINGS = NO;
				SWIFT_VERSION = 5.0;
				TARGETED_DEVICE_FAMILY = "1,2";
				TEST_HOST = "$(BUILT_PRODUCTS_DIR)/Table.app/$(BUNDLE_EXECUTABLE_FOLDER_PATH)/Table";
			};
			name = Release;
		};
		A36586672A7E00E000424789 /* Debug */ = {
			isa = XCBuildConfiguration;
			buildSettings = {
				ALWAYS_EMBED_SWIFT_STANDARD_LIBRARIES = YES;
				CODE_SIGN_STYLE = Automatic;
				CURRENT_PROJECT_VERSION = 1;
				GENERATE_INFOPLIST_FILE = YES;
				MARKETING_VERSION = 1.0;
				PRODUCT_BUNDLE_IDENTIFIER = com.iosswift.TableUITests;
				PRODUCT_NAME = "$(TARGET_NAME)";
				SWIFT_EMIT_LOC_STRINGS = NO;
				SWIFT_VERSION = 5.0;
				TARGETED_DEVICE_FAMILY = "1,2";
				TEST_TARGET_NAME = Table;
			};
			name = Debug;
		};
		A36586682A7E00E000424789 /* Release */ = {
			isa = XCBuildConfiguration;
			buildSettings = {
				ALWAYS_EMBED_SWIFT_STANDARD_LIBRARIES = YES;
				CODE_SIGN_STYLE = Automatic;
				CURRENT_PROJECT_VERSION = 1;
				GENERATE_INFOPLIST_FILE = YES;
				MARKETING_VERSION = 1.0;
				PRODUCT_BUNDLE_IDENTIFIER = com.iosswift.TableUITests;
				PRODUCT_NAME = "$(TARGET_NAME)";
				SWIFT_EMIT_LOC_STRINGS = NO;
				SWIFT_VERSION = 5.0;
				TARGETED_DEVICE_FAMILY = "1,2";
				TEST_TARGET_NAME = Table;
			};
			name = Release;
		};
/* End XCBuildConfiguration section */

/* Begin XCConfigurationList section */
		A36586312A7E00DF00424789 /* Build configuration list for PBXProject "Table" */ = {
			isa = XCConfigurationList;
			buildConfigurations = (
				A365865E2A7E00E000424789 /* Debug */,
				A365865F2A7E00E000424789 /* Release */,
			);
			defaultConfigurationIsVisible = 0;
			defaultConfigurationName = Release;
		};
		A36586602A7E00E000424789 /* Build configuration list for PBXNativeTarget "Table" */ = {
			isa = XCConfigurationList;
			buildConfigurations = (
				A36586612A7E00E000424789 /* Debug */,
				A36586622A7E00E000424789 /* Release */,
			);
			defaultConfigurationIsVisible = 0;
			defaultConfigurationName = Release;
		};
		A36586632A7E00E000424789 /* Build configuration list for PBXNativeTarget "TableTests" */ = {
			isa = XCConfigurationList;
			buildConfigurations = (
				A36586642A7E00E000424789 /* Debug */,
				A36586652A7E00E000424789 /* Release */,
			);
			defaultConfigurationIsVisible = 0;
			defaultConfigurationName = Release;
		};
		A36586662A7E00E000424789 /* Build configuration list for PBXNativeTarget "TableUITests" */ = {
			isa = XCConfigurationList;
			buildConfigurations = (
				A36586672A7E00E000424789 /* Debug */,
				A36586682A7E00E000424789 /* Release */,
			);
			defaultConfigurationIsVisible = 0;
			defaultConfigurationName = Release;
		};
/* End XCConfigurationList section */
	};
	rootObject = A365862E2A7E00DF00424789 /* Project object */;
}
